
Microsoft Visual Studio Solution File, Format Version 12.00
# Visual Studio Version 17
VisualStudioVersion = 17.5.002.0
MinimumVisualStudioVersion = 10.0.40219.1
Project("{9A19103F-16F7-4668-BE54-9A1E7A4F7556}") = "DesafioFundamentos", "DesafioFundamentos.csproj", "{75A46DBB-C849-4639-BBF7-27D2AA9B3DCE}"
EndProject
Global
	GlobalSection(SolutionConfigurationPlatforms) = preSolution
		Debug|Any CPU = Debug|Any CPU
		Release|Any CPU = Release|Any CPU
	EndGlobalSection
	GlobalSection(ProjectConfigurationPlatforms) = postSolution
		{75A46DBB-C849-4639-BBF7-27D2AA9B3DCE}.Debug|Any CPU.ActiveCfg = Debug|Any CPU
		{75A46DBB-C849-4639-BBF7-27D2AA9B3DCE}.Debug|Any CPU.Build.0 = Debug|Any CPU
		{75A46DBB-C849-4639-BBF7-27D2AA9B3DCE}.Release|Any CPU.ActiveCfg = Release|Any CPU
		{75A46DBB-C849-4639-BBF7-27D2AA9B3DCE}.Release|Any CPU.Build.0 = Release|Any CPU
	EndGlobalSection
	GlobalSection(SolutionProperties) = preSolution
		HideSolutionNode = FALSE
	EndGlobalSection
	GlobalSection(ExtensibilityGlobals) = postSolution
		SolutionGuid = {9D7B5E53-9792-4047-850A-1FBCF407FC6E}
	EndGlobalSection
EndGlobal
